
Microsoft Visual Studio Solution File, Format Version 12.00
Project("{FAE04EC0-301F-11D3-BF4B-00C04F79EFBC}") = "Feedback", "Feedback\Feedback.csproj", "{31C0D46E-D8AE-467E-B48D-C00DB538656D}"
EndProject
Global
	GlobalSection(SolutionConfigurationPlatforms) = preSolution
		Debug|Any CPU = Debug|Any CPU
		Release|Any CPU = Release|Any CPU
	EndGlobalSection
	GlobalSection(ProjectConfigurationPlatforms) = postSolution
		{31C0D46E-D8AE-467E-B48D-C00DB538656D}.Debug|Any CPU.ActiveCfg = Debug|Any CPU
		{31C0D46E-D8AE-467E-B48D-C00DB538656D}.Debug|Any CPU.Build.0 = Debug|Any CPU
		{31C0D46E-D8AE-467E-B48D-C00DB538656D}.Release|Any CPU.ActiveCfg = Release|Any CPU
		{31C0D46E-D8AE-467E-B48D-C00DB538656D}.Release|Any CPU.Build.0 = Release|Any CPU
	EndGlobalSection
EndGlobal
